
Microsoft Visual Studio Solution File, Format Version 12.00
# Visual Studio Version 16
VisualStudioVersion = 16.0.31613.86
MinimumVisualStudioVersion = 10.0.40219.1
Project("{FAE04EC0-301F-11D3-BF4B-00C04F79EFBC}") = "ExcelCompare", "ExcelCompare\ExcelCompare.csproj", "{7EE8F098-1F47-4B06-AC6A-3865B2B70A24}"
EndProject
Global
	GlobalSection(SolutionConfigurationPlatforms) = preSolution
		Debug|Any CPU = Debug|Any CPU
		Release|Any CPU = Release|Any CPU
	EndGlobalSection
	GlobalSection(ProjectConfigurationPlatforms) = postSolution
		{7EE8F098-1F47-4B06-AC6A-3865B2B70A24}.Debug|Any CPU.ActiveCfg = Debug|Any CPU
		{7EE8F098-1F47-4B06-AC6A-3865B2B70A24}.Debug|Any CPU.Build.0 = Debug|Any CPU
		{7EE8F098-1F47-4B06-AC6A-3865B2B70A24}.Release|Any CPU.ActiveCfg = Release|Any CPU
		{7EE8F098-1F47-4B06-AC6A-3865B2B70A24}.Release|Any CPU.Build.0 = Release|Any CPU
	EndGlobalSection
	GlobalSection(SolutionProperties) = preSolution
		HideSolutionNode = FALSE
	EndGlobalSection
	GlobalSection(ExtensibilityGlobals) = postSolution
		SolutionGuid = {33C99212-947A-4351-912E-4FFEE967FE62}
	EndGlobalSection
EndGlobal
